
Microsoft Visual Studio Solution File, Format Version 12.00
# Visual Studio Version 17
VisualStudioVersion = 17.12.35514.174
MinimumVisualStudioVersion = 10.0.40219.1
Project("{FAE04EC0-301F-11D3-BF4B-00C04F79EFBC}") = "OCRProject", "OCRProject.csproj", "{C9651FEE-8827-4D69-B524-BD40B4BC51BD}"
EndProject
Project("{FAE04EC0-301F-11D3-BF4B-00C04F79EFBC}") = "OCRTestProject", "..\OCRTestProject\OCRTestProject.csproj", "{31405DE4-D850-41DF-9B4E-53FDD10AFB61}"
EndProject
Global
	GlobalSection(SolutionConfigurationPlatforms) = preSolution
		Debug|Any CPU = Debug|Any CPU
		Release|Any CPU = Release|Any CPU
	EndGlobalSection
	GlobalSection(ProjectConfigurationPlatforms) = postSolution
		{C9651FEE-8827-4D69-B524-BD40B4BC51BD}.Debug|Any CPU.ActiveCfg = Debug|Any CPU
		{C9651FEE-8827-4D69-B524-BD40B4BC51BD}.Debug|Any CPU.Build.0 = Debug|Any CPU
		{C9651FEE-8827-4D69-B524-BD40B4BC51BD}.Release|Any CPU.ActiveCfg = Release|Any CPU
		{C9651FEE-8827-4D69-B524-BD40B4BC51BD}.Release|Any CPU.Build.0 = Release|Any CPU
		{31405DE4-D850-41DF-9B4E-53FDD10AFB61}.Debug|Any CPU.ActiveCfg = Debug|Any CPU
		{31405DE4-D850-41DF-9B4E-53FDD10AFB61}.Debug|Any CPU.Build.0 = Debug|Any CPU
		{31405DE4-D850-41DF-9B4E-53FDD10AFB61}.Release|Any CPU.ActiveCfg = Release|Any CPU
		{31405DE4-D850-41DF-9B4E-53FDD10AFB61}.Release|Any CPU.Build.0 = Release|Any CPU
	EndGlobalSection
	GlobalSection(SolutionProperties) = preSolution
		HideSolutionNode = FALSE
	EndGlobalSection
EndGlobal
